
Microsoft Visual Studio Solution File, Format Version 12.00
# Visual Studio Version 17
VisualStudioVersion = 17.9.34728.123
MinimumVisualStudioVersion = 10.0.40219.1
Project("{8BC9CEB8-8B4A-11D0-8D11-00A0C91BC942}") = "Project1", "Project1\Project1.vcxproj", "{7FF62710-A937-45EC-BB7D-B36FC7C2A36F}"
EndProject
Project("{8BC9CEB8-8B4A-11D0-8D11-00A0C91BC942}") = "Project2", "Project2\Project2.vcxproj", "{3EB5A2BF-1FFB-417B-9757-927BE8542CDD}"
EndProject
Global
	GlobalSection(SolutionConfigurationPlatforms) = preSolution
		Debug|x64 = Debug|x64
		Debug|x86 = Debug|x86
		Release|x64 = Release|x64
		Release|x86 = Release|x86
	EndGlobalSection
	GlobalSection(ProjectConfigurationPlatforms) = postSolution
		{7FF62710-A937-45EC-BB7D-B36FC7C2A36F}.Debug|x64.ActiveCfg = Debug|x64
		{7FF62710-A937-45EC-BB7D-B36FC7C2A36F}.Debug|x64.Build.0 = Debug|x64
		{7FF62710-A937-45EC-BB7D-B36FC7C2A36F}.Debug|x86.ActiveCfg = Debug|Win32
		{7FF62710-A937-45EC-BB7D-B36FC7C2A36F}.Debug|x86.Build.0 = Debug|Win32
		{7FF62710-A937-45EC-BB7D-B36FC7C2A36F}.Release|x64.ActiveCfg = Release|x64
		{7FF62710-A937-45EC-BB7D-B36FC7C2A36F}.Release|x64.Build.0 = Release|x64
		{7FF62710-A937-45EC-BB7D-B36FC7C2A36F}.Release|x86.ActiveCfg = Release|Win32
		{7FF62710-A937-45EC-BB7D-B36FC7C2A36F}.Release|x86.Build.0 = Release|Win32
		{3EB5A2BF-1FFB-417B-9757-927BE8542CDD}.Debug|x64.ActiveCfg = Debug|x64
		{3EB5A2BF-1FFB-417B-9757-927BE8542CDD}.Debug|x64.Build.0 = Debug|x64
		{3EB5A2BF-1FFB-417B-9757-927BE8542CDD}.Debug|x86.ActiveCfg = Debug|Win32
		{3EB5A2BF-1FFB-417B-9757-927BE8542CDD}.Debug|x86.Build.0 = Debug|Win32
		{3EB5A2BF-1FFB-417B-9757-927BE8542CDD}.Release|x64.ActiveCfg = Release|x64
		{3EB5A2BF-1FFB-417B-9757-927BE8542CDD}.Release|x64.Build.0 = Release|x64
		{3EB5A2BF-1FFB-417B-9757-927BE8542CDD}.Release|x86.ActiveCfg = Release|Win32
		{3EB5A2BF-1FFB-417B-9757-927BE8542CDD}.Release|x86.Build.0 = Release|Win32
	EndGlobalSection
	GlobalSection(SolutionProperties) = preSolution
		HideSolutionNode = FALSE
	EndGlobalSection
	GlobalSection(ExtensibilityGlobals) = postSolution
		SolutionGuid = {5CB48DFF-976C-44EB-8BCB-1F3826658524}
	EndGlobalSection
EndGlobal
